
Microsoft Visual Studio Solution File, Format Version 12.00
# Visual Studio 15
VisualStudioVersion = 15.0.27703.2042
MinimumVisualStudioVersion = 10.0.40219.1
Project("{FAE04EC0-301F-11D3-BF4B-00C04F79EFBC}") = "AssemblyDependencyChecker", "AssemblyDependencyChecker\AssemblyDependencyChecker.csproj", "{DB79483C-0A88-4A3F-9A4A-AF0922BCD68E}"
EndProject
Global
	GlobalSection(SolutionConfigurationPlatforms) = preSolution
		Debug|Any CPU = Debug|Any CPU
		Release|Any CPU = Release|Any CPU
	EndGlobalSection
	GlobalSection(ProjectConfigurationPlatforms) = postSolution
		{DB79483C-0A88-4A3F-9A4A-AF0922BCD68E}.Debug|Any CPU.ActiveCfg = Debug|Any CPU
		{DB79483C-0A88-4A3F-9A4A-AF0922BCD68E}.Debug|Any CPU.Build.0 = Debug|Any CPU
		{DB79483C-0A88-4A3F-9A4A-AF0922BCD68E}.Release|Any CPU.ActiveCfg = Release|Any CPU
		{DB79483C-0A88-4A3F-9A4A-AF0922BCD68E}.Release|Any CPU.Build.0 = Release|Any CPU
	EndGlobalSection
	GlobalSection(SolutionProperties) = preSolution
		HideSolutionNode = FALSE
	EndGlobalSection
	GlobalSection(ExtensibilityGlobals) = postSolution
		SolutionGuid = {638F9439-DE5E-43EC-BFB6-80FEEE027D5F}
	EndGlobalSection
EndGlobal
